
Microsoft Visual Studio Solution File, Format Version 12.00
# Visual Studio Version 16
VisualStudioVersion = 16.6.30114.105
MinimumVisualStudioVersion = 10.0.40219.1
Project("{FAE04EC0-301F-11D3-BF4B-00C04F79EFBC}") = "API", "API\API.csproj", "{C91466A5-E515-4E26-8B32-6EBA9553851E}"
EndProject
Project("{FAE04EC0-301F-11D3-BF4B-00C04F79EFBC}") = "Application", "Application\Application.csproj", "{6AB60912-01E3-4864-AE56-D8F4F90465B7}"
EndProject
Project("{FAE04EC0-301F-11D3-BF4B-00C04F79EFBC}") = "Domain", "Domain\Domain.csproj", "{779B1D37-9684-44EB-BD8D-B54F72AD3650}"
EndProject
Project("{FAE04EC0-301F-11D3-BF4B-00C04F79EFBC}") = "Persistence", "Persistence\Persistence.csproj", "{AC6DE0AA-A024-4672-81FE-8536CE5A0A9F}"
EndProject
Global
	GlobalSection(SolutionConfigurationPlatforms) = preSolution
		Debug|Any CPU = Debug|Any CPU
		Debug|x64 = Debug|x64
		Debug|x86 = Debug|x86
		Release|Any CPU = Release|Any CPU
		Release|x64 = Release|x64
		Release|x86 = Release|x86
	EndGlobalSection
	GlobalSection(SolutionProperties) = preSolution
		HideSolutionNode = FALSE
	EndGlobalSection
	GlobalSection(ProjectConfigurationPlatforms) = postSolution
		{C91466A5-E515-4E26-8B32-6EBA9553851E}.Debug|Any CPU.ActiveCfg = Debug|Any CPU
		{C91466A5-E515-4E26-8B32-6EBA9553851E}.Debug|Any CPU.Build.0 = Debug|Any CPU
		{C91466A5-E515-4E26-8B32-6EBA9553851E}.Debug|x64.ActiveCfg = Debug|Any CPU
		{C91466A5-E515-4E26-8B32-6EBA9553851E}.Debug|x64.Build.0 = Debug|Any CPU
		{C91466A5-E515-4E26-8B32-6EBA9553851E}.Debug|x86.ActiveCfg = Debug|Any CPU
		{C91466A5-E515-4E26-8B32-6EBA9553851E}.Debug|x86.Build.0 = Debug|Any CPU
		{C91466A5-E515-4E26-8B32-6EBA9553851E}.Release|Any CPU.ActiveCfg = Release|Any CPU
		{C91466A5-E515-4E26-8B32-6EBA9553851E}.Release|Any CPU.Build.0 = Release|Any CPU
		{C91466A5-E515-4E26-8B32-6EBA9553851E}.Release|x64.ActiveCfg = Release|Any CPU
		{C91466A5-E515-4E26-8B32-6EBA9553851E}.Release|x64.Build.0 = Release|Any CPU
		{C91466A5-E515-4E26-8B32-6EBA9553851E}.Release|x86.ActiveCfg = Release|Any CPU
		{C91466A5-E515-4E26-8B32-6EBA9553851E}.Release|x86.Build.0 = Release|Any CPU
		{6AB60912-01E3-4864-AE56-D8F4F90465B7}.Debug|Any CPU.ActiveCfg = Debug|Any CPU
		{6AB60912-01E3-4864-AE56-D8F4F90465B7}.Debug|Any CPU.Build.0 = Debug|Any CPU
		{6AB60912-01E3-4864-AE56-D8F4F90465B7}.Debug|x64.ActiveCfg = Debug|Any CPU
		{6AB60912-01E3-4864-AE56-D8F4F90465B7}.Debug|x64.Build.0 = Debug|Any CPU
		{6AB60912-01E3-4864-AE56-D8F4F90465B7}.Debug|x86.ActiveCfg = Debug|Any CPU
		{6AB60912-01E3-4864-AE56-D8F4F90465B7}.Debug|x86.Build.0 = Debug|Any CPU
		{6AB60912-01E3-4864-AE56-D8F4F90465B7}.Release|Any CPU.ActiveCfg = Release|Any CPU
		{6AB60912-01E3-4864-AE56-D8F4F90465B7}.Release|Any CPU.Build.0 = Release|Any CPU
		{6AB60912-01E3-4864-AE56-D8F4F90465B7}.Release|x64.ActiveCfg = Release|Any CPU
		{6AB60912-01E3-4864-AE56-D8F4F90465B7}.Release|x64.Build.0 = Release|Any CPU
		{6AB60912-01E3-4864-AE56-D8F4F90465B7}.Release|x86.ActiveCfg = Release|Any CPU
		{6AB60912-01E3-4864-AE56-D8F4F90465B7}.Release|x86.Build.0 = Release|Any CPU
		{779B1D37-9684-44EB-BD8D-B54F72AD3650}.Debug|Any CPU.ActiveCfg = Debug|Any CPU
		{779B1D37-9684-44EB-BD8D-B54F72AD3650}.Debug|Any CPU.Build.0 = Debug|Any CPU
		{779B1D37-9684-44EB-BD8D-B54F72AD3650}.Debug|x64.ActiveCfg = Debug|Any CPU
		{779B1D37-9684-44EB-BD8D-B54F72AD3650}.Debug|x64.Build.0 = Debug|Any CPU
		{779B1D37-9684-44EB-BD8D-B54F72AD3650}.Debug|x86.ActiveCfg = Debug|Any CPU
		{779B1D37-9684-44EB-BD8D-B54F72AD3650}.Debug|x86.Build.0 = Debug|Any CPU
		{779B1D37-9684-44EB-BD8D-B54F72AD3650}.Release|Any CPU.ActiveCfg = Release|Any CPU
		{779B1D37-9684-44EB-BD8D-B54F72AD3650}.Release|Any CPU.Build.0 = Release|Any CPU
		{779B1D37-9684-44EB-BD8D-B54F72AD3650}.Release|x64.ActiveCfg = Release|Any CPU
		{779B1D37-9684-44EB-BD8D-B54F72AD3650}.Release|x64.Build.0 = Release|Any CPU
		{779B1D37-9684-44EB-BD8D-B54F72AD3650}.Release|x86.ActiveCfg = Release|Any CPU
		{779B1D37-9684-44EB-BD8D-B54F72AD3650}.Release|x86.Build.0 = Release|Any CPU
		{AC6DE0AA-A024-4672-81FE-8536CE5A0A9F}.Debug|Any CPU.ActiveCfg = Debug|Any CPU
		{AC6DE0AA-A024-4672-81FE-8536CE5A0A9F}.Debug|Any CPU.Build.0 = Debug|Any CPU
		{AC6DE0AA-A024-4672-81FE-8536CE5A0A9F}.Debug|x64.ActiveCfg = Debug|Any CPU
		{AC6DE0AA-A024-4672-81FE-8536CE5A0A9F}.Debug|x64.Build.0 = Debug|Any CPU
		{AC6DE0AA-A024-4672-81FE-8536CE5A0A9F}.Debug|x86.ActiveCfg = Debug|Any CPU
		{AC6DE0AA-A024-4672-81FE-8536CE5A0A9F}.Debug|x86.Build.0 = Debug|Any CPU
		{AC6DE0AA-A024-4672-81FE-8536CE5A0A9F}.Release|Any CPU.ActiveCfg = Release|Any CPU
		{AC6DE0AA-A024-4672-81FE-8536CE5A0A9F}.Release|Any CPU.Build.0 = Release|Any CPU
		{AC6DE0AA-A024-4672-81FE-8536CE5A0A9F}.Release|x64.ActiveCfg = Release|Any CPU
		{AC6DE0AA-A024-4672-81FE-8536CE5A0A9F}.Release|x64.Build.0 = Release|Any CPU
		{AC6DE0AA-A024-4672-81FE-8536CE5A0A9F}.Release|x86.ActiveCfg = Release|Any CPU
		{AC6DE0AA-A024-4672-81FE-8536CE5A0A9F}.Release|x86.Build.0 = Release|Any CPU
	EndGlobalSection
EndGlobal
